github.com/torikallcode/module-matematika v1.0.0 h1:53XkJnYzRziAmi+xeKRRQ0D+STHLgDyAUX/ITqD9G78=
github.com/torikallcode/module-matematika v1.0.0/go.mod h1:CT5yMGO/xwwFz4nkJRYubfO9iIIvOiS7CEpv+MwGFtg=
github.com/torikallcode/module-matematika v1.0.1 h1:cDIsE5MJv/76NIFNXgwnmEa7IuDBP8+ffR+6qXTtm1w=
github.com/torikallcode/module-matematika v1.0.1/go.mod h1:CT5yMGO/xwwFz4nkJRYubfO9iIIvOiS7CEpv+MwGFtg=
github.com/torikallcode/module-matematika v1.0.2 h1:G117cX8Jq0hkEMRhSKA6m55/0Z0XxmfT7ocHin6FOFs=
github.com/torikallcode/module-matematika v1.0.2/go.mod h1:CT5yMGO/xwwFz4nkJRYubfO9iIIvOiS7CEpv+MwGFtg=
